
Microsoft Visual Studio Solution File, Format Version 12.00
# Visual Studio Version 16
VisualStudioVersion = 16.0.30225.117
MinimumVisualStudioVersion = 10.0.40219.1
Project("{FAE04EC0-301F-11D3-BF4B-00C04F79EFBC}") = "DoAnChuyenNganh", "DoAnChuyenNganh\DoAnChuyenNganh.csproj", "{9A634936-87E3-4EBB-884F-71FA0594E528}"
EndProject
Global
	GlobalSection(SolutionConfigurationPlatforms) = preSolution
		Debug|Any CPU = Debug|Any CPU
		Release|Any CPU = Release|Any CPU
	EndGlobalSection
	GlobalSection(ProjectConfigurationPlatforms) = postSolution
		{9A634936-87E3-4EBB-884F-71FA0594E528}.Debug|Any CPU.ActiveCfg = Debug|Any CPU
		{9A634936-87E3-4EBB-884F-71FA0594E528}.Debug|Any CPU.Build.0 = Debug|Any CPU
		{9A634936-87E3-4EBB-884F-71FA0594E528}.Release|Any CPU.ActiveCfg = Release|Any CPU
		{9A634936-87E3-4EBB-884F-71FA0594E528}.Release|Any CPU.Build.0 = Release|Any CPU
	EndGlobalSection
	GlobalSection(SolutionProperties) = preSolution
		HideSolutionNode = FALSE
	EndGlobalSection
	GlobalSection(ExtensibilityGlobals) = postSolution
		SolutionGuid = {BA3DBADF-9DCE-4DEB-81FE-C0D711E78C68}
	EndGlobalSection
EndGlobal
